
Microsoft Visual Studio Solution File, Format Version 12.00
# Visual Studio Version 17
VisualStudioVersion = 17.5.002.0
MinimumVisualStudioVersion = 10.0.40219.1
Project("{9A19103F-16F7-4668-BE54-9A1E7A4F7556}") = "Console", "Console.csproj", "{FEE5F356-3DF2-465D-B36D-481628208085}"
EndProject
Global
	GlobalSection(SolutionConfigurationPlatforms) = preSolution
		Debug|Any CPU = Debug|Any CPU
		Release|Any CPU = Release|Any CPU
	EndGlobalSection
	GlobalSection(ProjectConfigurationPlatforms) = postSolution
		{FEE5F356-3DF2-465D-B36D-481628208085}.Debug|Any CPU.ActiveCfg = Debug|Any CPU
		{FEE5F356-3DF2-465D-B36D-481628208085}.Debug|Any CPU.Build.0 = Debug|Any CPU
		{FEE5F356-3DF2-465D-B36D-481628208085}.Release|Any CPU.ActiveCfg = Release|Any CPU
		{FEE5F356-3DF2-465D-B36D-481628208085}.Release|Any CPU.Build.0 = Release|Any CPU
	EndGlobalSection
	GlobalSection(SolutionProperties) = preSolution
		HideSolutionNode = FALSE
	EndGlobalSection
	GlobalSection(ExtensibilityGlobals) = postSolution
		SolutionGuid = {B086C4E0-C3A4-4812-98D8-7F80EBDF86C4}
	EndGlobalSection
EndGlobal
